
Microsoft Visual Studio Solution File, Format Version 12.00
# Visual Studio Version 16
VisualStudioVersion = 16.0.31410.357
MinimumVisualStudioVersion = 10.0.40219.1
Project("{FAE04EC0-301F-11D3-BF4B-00C04F79EFBC}") = "Power.SusControl", "Power.SusControl\Power.SusControl.csproj", "{9F056702-D813-401F-BB3D-135BB8CB5685}"
EndProject
Global
	GlobalSection(SolutionConfigurationPlatforms) = preSolution
		Debug|Any CPU = Debug|Any CPU
		Release|Any CPU = Release|Any CPU
	EndGlobalSection
	GlobalSection(ProjectConfigurationPlatforms) = postSolution
		{9F056702-D813-401F-BB3D-135BB8CB5685}.Debug|Any CPU.ActiveCfg = Debug|Any CPU
		{9F056702-D813-401F-BB3D-135BB8CB5685}.Debug|Any CPU.Build.0 = Debug|Any CPU
		{9F056702-D813-401F-BB3D-135BB8CB5685}.Release|Any CPU.ActiveCfg = Release|Any CPU
		{9F056702-D813-401F-BB3D-135BB8CB5685}.Release|Any CPU.Build.0 = Release|Any CPU
	EndGlobalSection
	GlobalSection(SolutionProperties) = preSolution
		HideSolutionNode = FALSE
	EndGlobalSection
	GlobalSection(ExtensibilityGlobals) = postSolution
		SolutionGuid = {B168FFD5-135E-45AC-9B92-8E4D61428FF9}
	EndGlobalSection
EndGlobal
